
Microsoft Visual Studio Solution File, Format Version 12.00
# Visual Studio 15
VisualStudioVersion = 15.0.26114.2
MinimumVisualStudioVersion = 10.0.40219.1
Project("{2150E333-8FDC-42A3-9474-1A3956D46DE8}") = "src", "src", "{436BABB0-DBF7-4301-BC7F-CBB9D09FAD36}"
EndProject
Project("{FAE04EC0-301F-11D3-BF4B-00C04F79EFBC}") = "Hangfire.Async", "src\Hangfire.Async\Hangfire.Async.csproj", "{AE7D461E-8869-463B-8007-8C540DE85EB9}"
EndProject
Project("{2150E333-8FDC-42A3-9474-1A3956D46DE8}") = "tests", "tests", "{CBD2EEC6-826C-4477-B8F7-EADE2D944B74}"
EndProject
Project("{FAE04EC0-301F-11D3-BF4B-00C04F79EFBC}") = "Hangfire.Async.Tests", "tests\Hangfire.Async.Tests\Hangfire.Async.Tests.csproj", "{026A8C7A-8428-4455-9845-4FB03D2DD422}"
EndProject
Global
	GlobalSection(SolutionConfigurationPlatforms) = preSolution
		Debug|Any CPU = Debug|Any CPU
		Release|Any CPU = Release|Any CPU
	EndGlobalSection
	GlobalSection(ProjectConfigurationPlatforms) = postSolution
		{AE7D461E-8869-463B-8007-8C540DE85EB9}.Debug|Any CPU.ActiveCfg = Debug|Any CPU
		{AE7D461E-8869-463B-8007-8C540DE85EB9}.Debug|Any CPU.Build.0 = Debug|Any CPU
		{AE7D461E-8869-463B-8007-8C540DE85EB9}.Release|Any CPU.ActiveCfg = Release|Any CPU
		{AE7D461E-8869-463B-8007-8C540DE85EB9}.Release|Any CPU.Build.0 = Release|Any CPU
		{026A8C7A-8428-4455-9845-4FB03D2DD422}.Debug|Any CPU.ActiveCfg = Debug|Any CPU
		{026A8C7A-8428-4455-9845-4FB03D2DD422}.Debug|Any CPU.Build.0 = Debug|Any CPU
		{026A8C7A-8428-4455-9845-4FB03D2DD422}.Release|Any CPU.ActiveCfg = Release|Any CPU
		{026A8C7A-8428-4455-9845-4FB03D2DD422}.Release|Any CPU.Build.0 = Release|Any CPU
	EndGlobalSection
	GlobalSection(SolutionProperties) = preSolution
		HideSolutionNode = FALSE
	EndGlobalSection
	GlobalSection(NestedProjects) = preSolution
		{AE7D461E-8869-463B-8007-8C540DE85EB9} = {436BABB0-DBF7-4301-BC7F-CBB9D09FAD36}
		{026A8C7A-8428-4455-9845-4FB03D2DD422} = {CBD2EEC6-826C-4477-B8F7-EADE2D944B74}
	EndGlobalSection
EndGlobal
